
Microsoft Visual Studio Solution File, Format Version 12.00
# Visual Studio Version 17
VisualStudioVersion = 17.13.35825.156 d17.13
MinimumVisualStudioVersion = 10.0.40219.1
Project("{FAE04EC0-301F-11D3-BF4B-00C04F79EFBC}") = "MadnathRepairGame", "MadnathRepairGame.csproj", "{1A439903-E0CD-9301-8EF7-2F03DC8C3415}"
EndProject
Global
	GlobalSection(SolutionConfigurationPlatforms) = preSolution
		Debug|Any CPU = Debug|Any CPU
		Release|Any CPU = Release|Any CPU
	EndGlobalSection
	GlobalSection(ProjectConfigurationPlatforms) = postSolution
		{1A439903-E0CD-9301-8EF7-2F03DC8C3415}.Debug|Any CPU.ActiveCfg = Debug|Any CPU
		{1A439903-E0CD-9301-8EF7-2F03DC8C3415}.Debug|Any CPU.Build.0 = Debug|Any CPU
		{1A439903-E0CD-9301-8EF7-2F03DC8C3415}.Release|Any CPU.ActiveCfg = Release|Any CPU
		{1A439903-E0CD-9301-8EF7-2F03DC8C3415}.Release|Any CPU.Build.0 = Release|Any CPU
	EndGlobalSection
	GlobalSection(SolutionProperties) = preSolution
		HideSolutionNode = FALSE
	EndGlobalSection
	GlobalSection(ExtensibilityGlobals) = postSolution
		SolutionGuid = {62A105A9-7489-4FE0-AE7E-F8ADD7182769}
	EndGlobalSection
EndGlobal
